
Microsoft Visual Studio Solution File, Format Version 12.00
# Visual Studio Version 17
VisualStudioVersion = 17.1.32210.238
MinimumVisualStudioVersion = 10.0.40219.1
Project("{FAE04EC0-301F-11D3-BF4B-00C04F79EFBC}") = "SprotSet", "SprotSet\SprotSet.csproj", "{BC0AA5F3-E5C1-4B21-B0DA-5CD3693BF3EA}"
EndProject
Global
	GlobalSection(SolutionConfigurationPlatforms) = preSolution
		Debug|Any CPU = Debug|Any CPU
		Release|Any CPU = Release|Any CPU
	EndGlobalSection
	GlobalSection(ProjectConfigurationPlatforms) = postSolution
		{BC0AA5F3-E5C1-4B21-B0DA-5CD3693BF3EA}.Debug|Any CPU.ActiveCfg = Debug|Any CPU
		{BC0AA5F3-E5C1-4B21-B0DA-5CD3693BF3EA}.Debug|Any CPU.Build.0 = Debug|Any CPU
		{BC0AA5F3-E5C1-4B21-B0DA-5CD3693BF3EA}.Release|Any CPU.ActiveCfg = Release|Any CPU
		{BC0AA5F3-E5C1-4B21-B0DA-5CD3693BF3EA}.Release|Any CPU.Build.0 = Release|Any CPU
	EndGlobalSection
	GlobalSection(SolutionProperties) = preSolution
		HideSolutionNode = FALSE
	EndGlobalSection
	GlobalSection(ExtensibilityGlobals) = postSolution
		SolutionGuid = {C3D04B26-B647-4604-980C-B5A6AA5146D6}
	EndGlobalSection
EndGlobal
